{
  "name": "eth-query",
  "version": "2.1.2",
  "lockfileVersion": 3,
  "requires": true,
  "packages": {
    "": {
      "name": "eth-query",
      "version": "2.1.2",
      "license": "ISC",
      "dependencies": {
        "json-rpc-random-id": "^1.0.0",
        "xtend": "^4.0.1"
      },
      "devDependencies": {}
    },
    "node_modules/json-rpc-random-id": {
      "version": "1.0.1",
      "resolved": "https://registry.npmjs.org/json-rpc-random-id/-/json-rpc-random-id-1.0.1.tgz",
      "integrity": "sha512-RJ9YYNCkhVDBuP4zN5BBtYAzEl03yq/jIIsyif0JY9qyJuQQZNeDK7anAPKKlyEtLSj2s8h6hNh2F8zO5q7ScA=="
    },
    "node_modules/xtend": {
      "version": "4.0.2",
      "resolved": "https://registry.npmjs.org/xtend/-/xtend-4.0.2.tgz",
      "integrity": "sha512-LKYU1iAXJXUgAXn9URjiu+MWhyUXHsvfp7mcuYm9dSUKK0/CjtrUwFAxD82/mCWbtLsGjFIad0wIsod4zrTAEQ==",
      "engines": {
        "node": ">=0.4"
      }
    }
  }
}
